{
    "_readme": [
        "This file locks the dependencies of your project to a known state",
        "Read more about it at https://getcomposer.org/doc/01-basic-usage.md#composer-lock-the-lock-file",
        "This file is @generated automatically"
    ],
    "hash": "6e228eebb326b7296ed13ba49dd831b8",
    "content-hash": "e2c0a38e5ca102943199a604e599dae8",
    "packages": [
        {
            "name": "aliyuncs/oss-sdk-php",
            "version": "v2.0.7",
            "source": {
                "type": "git",
                "url": "https://github.com/aliyun/aliyun-oss-php-sdk.git",
                "reference": "74e427241d748af5bf0c2fa9d0b614b56bd46f9b"
            },
            "dist": {
                "type": "zip",
                "url": "https://packagist.phpcomposer.com/files/aliyun/aliyun-oss-php-sdk/74e427241d748af5bf0c2fa9d0b614b56bd46f9b.zip",
                "reference": "74e427241d748af5bf0c2fa9d0b614b56bd46f9b",
                "shasum": ""
            },
            "require": {
                "php": ">=5.3"
            },
            "require-dev": {
                "phpunit/phpunit": "~4.0",
                "satooshi/php-coveralls": "~1.0"
            },
            "type": "library",
            "autoload": {
                "psr-4": {
                    "OSS\\": "src/OSS"
                }
            },
            "notification-url": "https://packagist.org/downloads/",
            "license": [
                "MIT"
            ],
            "authors": [
                {
                    "name": "Aliyuncs",
                    "homepage": "http://www.aliyun.com"
                }
            ],
            "description": "Aliyun OSS SDK for PHP",
            "homepage": "http://www.aliyun.com/product/oss/",
            "time": "2016-06-17 01:57:24"
        }
    ],
    "packages-dev": [],
    "aliases": [],
    "minimum-stability": "stable",
    "stability-flags": [],
    "prefer-stable": false,
    "prefer-lowest": false,
    "platform": [],
    "platform-dev": []
}
